// !$*UTF8*$!
{
	archiveVersion = 1;
	classes = {
	};
	objectVersion = 46;
	objects = {

/* Begin PBXBuildFile section */
		7165B7521D75D59B00012FA2 /* main.m in Sources */ = {isa = PBXBuildFile; fileRef = 7165B7511D75D59B00012FA2 /* main.m */; };
		7165B7551D75D59B00012FA2 /* AppDelegate.m in Sources */ = {isa = PBXBuildFile; fileRef = 7165B7541D75D59B00012FA2 /* AppDelegate.m */; };
		7165B75B1D75D59B00012FA2 /* Main.storyboard in Resources */ = {isa = PBXBuildFile; fileRef = 7165B7591D75D59B00012FA2 /* Main.storyboard */; };
		7165B75D1D75D59B00012FA2 /* Assets.xcassets in Resources */ = {isa = PBXBuildFile; fileRef = 7165B75C1D75D59B00012FA2 /* Assets.xcassets */; };
		7165B7601D75D59B00012FA2 /* LaunchScreen.storyboard in Resources */ = {isa = PBXBuildFile; fileRef = 7165B75E1D75D59B00012FA2 /* LaunchScreen.storyboard */; };
		7165B76B1D75D59B00012FA2 /* MeiLingTests.m in Sources */ = {isa = PBXBuildFile; fileRef = 7165B76A1D75D59B00012FA2 /* MeiLingTests.m */; };
		7165B7761D75D59B00012FA2 /* MeiLingUITests.m in Sources */ = {isa = PBXBuildFile; fileRef = 7165B7751D75D59B00012FA2 /* MeiLingUITests.m */; };
		7165B7841D75D66000012FA2 /* readme in Resources */ = {isa = PBXBuildFile; fileRef = 7165B7831D75D66000012FA2 /* readme */; };
		716AB4AA1D7B1AB900BCA6F0 /* WorkViewController.m in Sources */ = {isa = PBXBuildFile; fileRef = 716AB4A91D7B1AB900BCA6F0 /* WorkViewController.m */; };
		716AB4AD1D7B1AD600BCA6F0 /* OrderMViewController.m in Sources */ = {isa = PBXBuildFile; fileRef = 716AB4AC1D7B1AD600BCA6F0 /* OrderMViewController.m */; };
		716AB4B01D7C5ED500BCA6F0 /* MemberMViewController.m in Sources */ = {isa = PBXBuildFile; fileRef = 716AB4AF1D7C5ED500BCA6F0 /* MemberMViewController.m */; };
		716AB4B31D7C682600BCA6F0 /* MainViewController.m in Sources */ = {isa = PBXBuildFile; fileRef = 716AB4B21D7C682600BCA6F0 /* MainViewController.m */; };
		716AB4B61D7C6CD800BCA6F0 /* Tool.m in Sources */ = {isa = PBXBuildFile; fileRef = 716AB4B51D7C6CD800BCA6F0 /* Tool.m */; };
		716AB4B91D7C85A700BCA6F0 /* UIResponder+StoryBoard.m in Sources */ = {isa = PBXBuildFile; fileRef = 716AB4B81D7C85A700BCA6F0 /* UIResponder+StoryBoard.m */; };
		716AB4BC1D7C8FC000BCA6F0 /* CareDayLogViewController.m in Sources */ = {isa = PBXBuildFile; fileRef = 716AB4BB1D7C8FC000BCA6F0 /* CareDayLogViewController.m */; };
		716AB4BF1D7C8FD600BCA6F0 /* ActivityDayLogViewController.m in Sources */ = {isa = PBXBuildFile; fileRef = 716AB4BE1D7C8FD600BCA6F0 /* ActivityDayLogViewController.m */; };
		716AB4C81D7D957000BCA6F0 /* AppointmentMViewController.m in Sources */ = {isa = PBXBuildFile; fileRef = 716AB4C51D7D957000BCA6F0 /* AppointmentMViewController.m */; };
		716AB4C91D7D957000BCA6F0 /* MakeAppointViewController.m in Sources */ = {isa = PBXBuildFile; fileRef = 716AB4C71D7D957000BCA6F0 /* MakeAppointViewController.m */; };
		716AB4CD1D7DC63600BCA6F0 /* MeViewController.m in Sources */ = {isa = PBXBuildFile; fileRef = 716AB4CC1D7DC63600BCA6F0 /* MeViewController.m */; };
		BB2DBBC01D7D094100370D14 /* DistributionCustomerViewController.m in Sources */ = {isa = PBXBuildFile; fileRef = BB2DBBBF1D7D094100370D14 /* DistributionCustomerViewController.m */; };
		BB2DBBC31D7D0D8E00370D14 /* CustomInfoViewController.m in Sources */ = {isa = PBXBuildFile; fileRef = BB2DBBC21D7D0D8E00370D14 /* CustomInfoViewController.m */; };
		BB2DBBC81D7D114200370D14 /* PrivateTopicViewController.m in Sources */ = {isa = PBXBuildFile; fileRef = BB2DBBC71D7D114200370D14 /* PrivateTopicViewController.m */; };
		BB2DBBCB1D7D120A00370D14 /* PrivateLifeViewController.m in Sources */ = {isa = PBXBuildFile; fileRef = BB2DBBCA1D7D120A00370D14 /* PrivateLifeViewController.m */; };
		BB2DBBCE1D7D139300370D14 /* SpecialDateViewController.m in Sources */ = {isa = PBXBuildFile; fileRef = BB2DBBCD1D7D139300370D14 /* SpecialDateViewController.m */; };
		BB2DBBDA1D7D173600370D14 /* GoalSettingViewController.m in Sources */ = {isa = PBXBuildFile; fileRef = BB2DBBD91D7D173600370D14 /* GoalSettingViewController.m */; };
		BB2DBBDD1D7D197000370D14 /* SalesLogViewController.m in Sources */ = {isa = PBXBuildFile; fileRef = BB2DBBDC1D7D197000370D14 /* SalesLogViewController.m */; };
		BB2DBBE01D7D1B7000370D14 /* RechargeableCardViewController.m in Sources */ = {isa = PBXBuildFile; fileRef = BB2DBBDF1D7D1B7000370D14 /* RechargeableCardViewController.m */; };
		BB2DBBE31D7D1D8300370D14 /* YearCardViewController.m in Sources */ = {isa = PBXBuildFile; fileRef = BB2DBBE21D7D1D8300370D14 /* YearCardViewController.m */; };
		BB2DBBE61D7D1E0D00370D14 /* CashViewController.m in Sources */ = {isa = PBXBuildFile; fileRef = BB2DBBE51D7D1E0D00370D14 /* CashViewController.m */; };
		BB2DBBEA1D7D497600370D14 /* AccountInfoViewController.m in Sources */ = {isa = PBXBuildFile; fileRef = BB2DBBE91D7D497600370D14 /* AccountInfoViewController.m */; };
		BB2DBBF91D7D501B00370D14 /* ServiceProjectViewController.m in Sources */ = {isa = PBXBuildFile; fileRef = BB2DBBF81D7D501B00370D14 /* ServiceProjectViewController.m */; };
		BB2DBBFC1D7D5B2E00370D14 /* BaseTabBarViewController.m in Sources */ = {isa = PBXBuildFile; fileRef = BB2DBBFB1D7D5B2E00370D14 /* BaseTabBarViewController.m */; };
		BB719DC01D7E476D00AB772E /* WalletViewController.m in Sources */ = {isa = PBXBuildFile; fileRef = BB719DBF1D7E476D00AB772E /* WalletViewController.m */; };
		BB719DC31D7E4D1F00AB772E /* RankingListViewController.m in Sources */ = {isa = PBXBuildFile; fileRef = BB719DC21D7E4D1F00AB772E /* RankingListViewController.m */; };
		BB719DC61D7E72BE00AB772E /* DataAnalysisViewController.m in Sources */ = {isa = PBXBuildFile; fileRef = BB719DC51D7E72BE00AB772E /* DataAnalysisViewController.m */; };
		BB719DC91D7E99CD00AB772E /* MessageModelViewController.m in Sources */ = {isa = PBXBuildFile; fileRef = BB719DC81D7E99CD00AB772E /* MessageModelViewController.m */; };
/* End PBXBuildFile section */

/* Begin PBXContainerItemProxy section */
		7165B7671D75D59B00012FA2 /* PBXContainerItemProxy */ = {
			isa = PBXContainerItemProxy;
			containerPortal = 7165B7451D75D59A00012FA2 /* Project object */;
			proxyType = 1;
			remoteGlobalIDString = 7165B74C1D75D59A00012FA2;
			remoteInfo = MeiLing;
		};
		7165B7721D75D59B00012FA2 /* PBXContainerItemProxy */ = {
			isa = PBXContainerItemProxy;
			containerPortal = 7165B7451D75D59A00012FA2 /* Project object */;
			proxyType = 1;
			remoteGlobalIDString = 7165B74C1D75D59A00012FA2;
			remoteInfo = MeiLing;
		};
/* End PBXContainerItemProxy section */

/* Begin PBXFileReference section */
		7165B74D1D75D59B00012FA2 /* MeiLing.app */ = {isa = PBXFileReference; explicitFileType = wrapper.application; includeInIndex = 0; path = MeiLing.app; sourceTree = BUILT_PRODUCTS_DIR; };
		7165B7511D75D59B00012FA2 /* main.m */ = {isa = PBXFileReference; lastKnownFileType = sourcecode.c.objc; path = main.m; sourceTree = "<group>"; };
		7165B7531D75D59B00012FA2 /* AppDelegate.h */ = {isa = PBXFileReference; lastKnownFileType = sourcecode.c.h; path = AppDelegate.h; sourceTree = "<group>"; };
		7165B7541D75D59B00012FA2 /* AppDelegate.m */ = {isa = PBXFileReference; lastKnownFileType = sourcecode.c.objc; path = AppDelegate.m; sourceTree = "<group>"; };
		7165B75A1D75D59B00012FA2 /* Base */ = {isa = PBXFileReference; lastKnownFileType = file.storyboard; name = Base; path = Base.lproj/Main.storyboard; sourceTree = "<group>"; };
		7165B75C1D75D59B00012FA2 /* Assets.xcassets */ = {isa = PBXFileReference; lastKnownFileType = folder.assetcatalog; path = Assets.xcassets; sourceTree = "<group>"; };
		7165B75F1D75D59B00012FA2 /* Base */ = {isa = PBXFileReference; lastKnownFileType = file.storyboard; name = Base; path = Base.lproj/LaunchScreen.storyboard; sourceTree = "<group>"; };
		7165B7611D75D59B00012FA2 /* Info.plist */ = {isa = PBXFileReference; lastKnownFileType = text.plist.xml; path = Info.plist; sourceTree = "<group>"; };
		7165B7661D75D59B00012FA2 /* MeiLingTests.xctest */ = {isa = PBXFileReference; explicitFileType = wrapper.cfbundle; includeInIndex = 0; path = MeiLingTests.xctest; sourceTree = BUILT_PRODUCTS_DIR; };
		7165B76A1D75D59B00012FA2 /* MeiLingTests.m */ = {isa = PBXFileReference; lastKnownFileType = sourcecode.c.objc; path = MeiLingTests.m; sourceTree = "<group>"; };
		7165B76C1D75D59B00012FA2 /* Info.plist */ = {isa = PBXFileReference; lastKnownFileType = text.plist.xml; path = Info.plist; sourceTree = "<group>"; };
		7165B7711D75D59B00012FA2 /* MeiLingUITests.xctest */ = {isa = PBXFileReference; explicitFileType = wrapper.cfbundle; includeInIndex = 0; path = MeiLingUITests.xctest; sourceTree = BUILT_PRODUCTS_DIR; };
		7165B7751D75D59B00012FA2 /* MeiLingUITests.m */ = {isa = PBXFileReference; lastKnownFileType = sourcecode.c.objc; path = MeiLingUITests.m; sourceTree = "<group>"; };
		7165B7771D75D59B00012FA2 /* Info.plist */ = {isa = PBXFileReference; lastKnownFileType = text.plist.xml; path = Info.plist; sourceTree = "<group>"; };
		7165B7831D75D66000012FA2 /* readme */ = {isa = PBXFileReference; fileEncoding = 4; lastKnownFileType = text; path = readme; sourceTree = SOURCE_ROOT; };
		7165B7851D75D68400012FA2 /* Define.h */ = {isa = PBXFileReference; fileEncoding = 4; lastKnownFileType = sourcecode.c.h; path = Define.h; sourceTree = SOURCE_ROOT; };
		716AB4A81D7B1AB900BCA6F0 /* WorkViewController.h */ = {isa = PBXFileReference; fileEncoding = 4; lastKnownFileType = sourcecode.c.h; name = WorkViewController.h; path = ../WorkViewController.h; sourceTree = "<group>"; };
		716AB4A91D7B1AB900BCA6F0 /* WorkViewController.m */ = {isa = PBXFileReference; fileEncoding = 4; lastKnownFileType = sourcecode.c.objc; name = WorkViewController.m; path = ../WorkViewController.m; sourceTree = "<group>"; };
		716AB4AB1D7B1AD600BCA6F0 /* OrderMViewController.h */ = {isa = PBXFileReference; fileEncoding = 4; lastKnownFileType = sourcecode.c.h; name = OrderMViewController.h; path = ../OrderMViewController.h; sourceTree = "<group>"; };
		716AB4AC1D7B1AD600BCA6F0 /* OrderMViewController.m */ = {isa = PBXFileReference; fileEncoding = 4; lastKnownFileType = sourcecode.c.objc; name = OrderMViewController.m; path = ../OrderMViewController.m; sourceTree = "<group>"; };
		716AB4AE1D7C5ED500BCA6F0 /* MemberMViewController.h */ = {isa = PBXFileReference; fileEncoding = 4; lastKnownFileType = sourcecode.c.h; name = MemberMViewController.h; path = ../MemberMViewController.h; sourceTree = "<group>"; };
		716AB4AF1D7C5ED500BCA6F0 /* MemberMViewController.m */ = {isa = PBXFileReference; fileEncoding = 4; lastKnownFileType = sourcecode.c.objc; name = MemberMViewController.m; path = ../MemberMViewController.m; sourceTree = "<group>"; };
		716AB4B11D7C682500BCA6F0 /* MainViewController.h */ = {isa = PBXFileReference; fileEncoding = 4; lastKnownFileType = sourcecode.c.h; name = MainViewController.h; path = MeiLing/MainViewController.h; sourceTree = SOURCE_ROOT; };
		716AB4B21D7C682600BCA6F0 /* MainViewController.m */ = {isa = PBXFileReference; fileEncoding = 4; lastKnownFileType = sourcecode.c.objc; name = MainViewController.m; path = MeiLing/MainViewController.m; sourceTree = SOURCE_ROOT; };
		716AB4B41D7C6CD800BCA6F0 /* Tool.h */ = {isa = PBXFileReference; fileEncoding = 4; lastKnownFileType = sourcecode.c.h; path = Tool.h; sourceTree = "<group>"; };
		716AB4B51D7C6CD800BCA6F0 /* Tool.m */ = {isa = PBXFileReference; fileEncoding = 4; lastKnownFileType = sourcecode.c.objc; path = Tool.m; sourceTree = "<group>"; };
		716AB4B71D7C85A700BCA6F0 /* UIResponder+StoryBoard.h */ = {isa = PBXFileReference; fileEncoding = 4; lastKnownFileType = sourcecode.c.h; path = "UIResponder+StoryBoard.h"; sourceTree = "<group>"; };
		716AB4B81D7C85A700BCA6F0 /* UIResponder+StoryBoard.m */ = {isa = PBXFileReference; fileEncoding = 4; lastKnownFileType = sourcecode.c.objc; path = "UIResponder+StoryBoard.m"; sourceTree = "<group>"; };
		716AB4BA1D7C8FC000BCA6F0 /* CareDayLogViewController.h */ = {isa = PBXFileReference; fileEncoding = 4; lastKnownFileType = sourcecode.c.h; name = CareDayLogViewController.h; path = ../CareDayLogViewController.h; sourceTree = "<group>"; };
		716AB4BB1D7C8FC000BCA6F0 /* CareDayLogViewController.m */ = {isa = PBXFileReference; fileEncoding = 4; lastKnownFileType = sourcecode.c.objc; name = CareDayLogViewController.m; path = ../CareDayLogViewController.m; sourceTree = "<group>"; };
		716AB4BD1D7C8FD600BCA6F0 /* ActivityDayLogViewController.h */ = {isa = PBXFileReference; fileEncoding = 4; lastKnownFileType = sourcecode.c.h; path = ActivityDayLogViewController.h; sourceTree = "<group>"; };
		716AB4BE1D7C8FD600BCA6F0 /* ActivityDayLogViewController.m */ = {isa = PBXFileReference; fileEncoding = 4; lastKnownFileType = sourcecode.c.objc; path = ActivityDayLogViewController.m; sourceTree = "<group>"; };
		716AB4C41D7D957000BCA6F0 /* AppointmentMViewController.h */ = {isa = PBXFileReference; fileEncoding = 4; lastKnownFileType = sourcecode.c.h; path = AppointmentMViewController.h; sourceTree = "<group>"; };
		716AB4C51D7D957000BCA6F0 /* AppointmentMViewController.m */ = {isa = PBXFileReference; fileEncoding = 4; lastKnownFileType = sourcecode.c.objc; path = AppointmentMViewController.m; sourceTree = "<group>"; };
		716AB4C61D7D957000BCA6F0 /* MakeAppointViewController.h */ = {isa = PBXFileReference; fileEncoding = 4; lastKnownFileType = sourcecode.c.h; path = MakeAppointViewController.h; sourceTree = "<group>"; };
		716AB4C71D7D957000BCA6F0 /* MakeAppointViewController.m */ = {isa = PBXFileReference; fileEncoding = 4; lastKnownFileType = sourcecode.c.objc; path = MakeAppointViewController.m; sourceTree = "<group>"; };
		716AB4CB1D7DC63600BCA6F0 /* MeViewController.h */ = {isa = PBXFileReference; fileEncoding = 4; lastKnownFileType = sourcecode.c.h; path = MeViewController.h; sourceTree = "<group>"; };
		716AB4CC1D7DC63600BCA6F0 /* MeViewController.m */ = {isa = PBXFileReference; fileEncoding = 4; lastKnownFileType = sourcecode.c.objc; path = MeViewController.m; sourceTree = "<group>"; };
		BB2DBBBE1D7D094100370D14 /* DistributionCustomerViewController.h */ = {isa = PBXFileReference; fileEncoding = 4; lastKnownFileType = sourcecode.c.h; path = DistributionCustomerViewController.h; sourceTree = "<group>"; };
		BB2DBBBF1D7D094100370D14 /* DistributionCustomerViewController.m */ = {isa = PBXFileReference; fileEncoding = 4; lastKnownFileType = sourcecode.c.objc; path = DistributionCustomerViewController.m; sourceTree = "<group>"; };
		BB2DBBC11D7D0D8E00370D14 /* CustomInfoViewController.h */ = {isa = PBXFileReference; fileEncoding = 4; lastKnownFileType = sourcecode.c.h; name = CustomInfoViewController.h; path = ../CustomInfoViewController.h; sourceTree = "<group>"; };
		BB2DBBC21D7D0D8E00370D14 /* CustomInfoViewController.m */ = {isa = PBXFileReference; fileEncoding = 4; lastKnownFileType = sourcecode.c.objc; name = CustomInfoViewController.m; path = ../CustomInfoViewController.m; sourceTree = "<group>"; };
		BB2DBBC61D7D114200370D14 /* PrivateTopicViewController.h */ = {isa = PBXFileReference; fileEncoding = 4; lastKnownFileType = sourcecode.c.h; name = PrivateTopicViewController.h; path = ../PrivateTopicViewController.h; sourceTree = "<group>"; };
		BB2DBBC71D7D114200370D14 /* PrivateTopicViewController.m */ = {isa = PBXFileReference; fileEncoding = 4; lastKnownFileType = sourcecode.c.objc; name = PrivateTopicViewController.m; path = ../PrivateTopicViewController.m; sourceTree = "<group>"; };
		BB2DBBC91D7D120A00370D14 /* PrivateLifeViewController.h */ = {isa = PBXFileReference; fileEncoding = 4; lastKnownFileType = sourcecode.c.h; name = PrivateLifeViewController.h; path = ../PrivateLifeViewController.h; sourceTree = "<group>"; };
		BB2DBBCA1D7D120A00370D14 /* PrivateLifeViewController.m */ = {isa = PBXFileReference; fileEncoding = 4; lastKnownFileType = sourcecode.c.objc; name = PrivateLifeViewController.m; path = ../PrivateLifeViewController.m; sourceTree = "<group>"; };
		BB2DBBCC1D7D139300370D14 /* SpecialDateViewController.h */ = {isa = PBXFileReference; fileEncoding = 4; lastKnownFileType = sourcecode.c.h; name = SpecialDateViewController.h; path = ../SpecialDateViewController.h; sourceTree = "<group>"; };
		BB2DBBCD1D7D139300370D14 /* SpecialDateViewController.m */ = {isa = PBXFileReference; fileEncoding = 4; lastKnownFileType = sourcecode.c.objc; name = SpecialDateViewController.m; path = ../SpecialDateViewController.m; sourceTree = "<group>"; };
		BB2DBBD81D7D173600370D14 /* GoalSettingViewController.h */ = {isa = PBXFileReference; fileEncoding = 4; lastKnownFileType = sourcecode.c.h; path = GoalSettingViewController.h; sourceTree = "<group>"; };
		BB2DBBD91D7D173600370D14 /* GoalSettingViewController.m */ = {isa = PBXFileReference; fileEncoding = 4; lastKnownFileType = sourcecode.c.objc; path = GoalSettingViewController.m; sourceTree = "<group>"; };
		BB2DBBDB1D7D197000370D14 /* SalesLogViewController.h */ = {isa = PBXFileReference; fileEncoding = 4; lastKnownFileType = sourcecode.c.h; name = SalesLogViewController.h; path = ../SalesLogViewController.h; sourceTree = "<group>"; };
		BB2DBBDC1D7D197000370D14 /* SalesLogViewController.m */ = {isa = PBXFileReference; fileEncoding = 4; lastKnownFileType = sourcecode.c.objc; name = SalesLogViewController.m; path = ../SalesLogViewController.m; sourceTree = "<group>"; };
		BB2DBBDE1D7D1B7000370D14 /* RechargeableCardViewController.h */ = {isa = PBXFileReference; fileEncoding = 4; lastKnownFileType = sourcecode.c.h; path = RechargeableCardViewController.h; sourceTree = "<group>"; };
		BB2DBBDF1D7D1B7000370D14 /* RechargeableCardViewController.m */ = {isa = PBXFileReference; fileEncoding = 4; lastKnownFileType = sourcecode.c.objc; path = RechargeableCardViewController.m; sourceTree = "<group>"; };
		BB2DBBE11D7D1D8300370D14 /* YearCardViewController.h */ = {isa = PBXFileReference; fileEncoding = 4; lastKnownFileType = sourcecode.c.h; path = YearCardViewController.h; sourceTree = "<group>"; };
		BB2DBBE21D7D1D8300370D14 /* YearCardViewController.m */ = {isa = PBXFileReference; fileEncoding = 4; lastKnownFileType = sourcecode.c.objc; path = YearCardViewController.m; sourceTree = "<group>"; };
		BB2DBBE41D7D1E0D00370D14 /* CashViewController.h */ = {isa = PBXFileReference; fileEncoding = 4; lastKnownFileType = sourcecode.c.h; path = CashViewController.h; sourceTree = "<group>"; };
		BB2DBBE51D7D1E0D00370D14 /* CashViewController.m */ = {isa = PBXFileReference; fileEncoding = 4; lastKnownFileType = sourcecode.c.objc; path = CashViewController.m; sourceTree = "<group>"; };
		BB2DBBE81D7D497600370D14 /* AccountInfoViewController.h */ = {isa = PBXFileReference; fileEncoding = 4; lastKnownFileType = sourcecode.c.h; path = AccountInfoViewController.h; sourceTree = "<group>"; };
		BB2DBBE91D7D497600370D14 /* AccountInfoViewController.m */ = {isa = PBXFileReference; fileEncoding = 4; lastKnownFileType = sourcecode.c.objc; path = AccountInfoViewController.m; sourceTree = "<group>"; };
		BB2DBBF71D7D501B00370D14 /* ServiceProjectViewController.h */ = {isa = PBXFileReference; fileEncoding = 4; lastKnownFileType = sourcecode.c.h; path = ServiceProjectViewController.h; sourceTree = "<group>"; };
		BB2DBBF81D7D501B00370D14 /* ServiceProjectViewController.m */ = {isa = PBXFileReference; fileEncoding = 4; lastKnownFileType = sourcecode.c.objc; path = ServiceProjectViewController.m; sourceTree = "<group>"; };
		BB2DBBFA1D7D5B2E00370D14 /* BaseTabBarViewController.h */ = {isa = PBXFileReference; fileEncoding = 4; lastKnownFileType = sourcecode.c.h; name = BaseTabBarViewController.h; path = MeiLing/Main/BaseTabBarViewController.h; sourceTree = SOURCE_ROOT; };
		BB2DBBFB1D7D5B2E00370D14 /* BaseTabBarViewController.m */ = {isa = PBXFileReference; fileEncoding = 4; lastKnownFileType = sourcecode.c.objc; name = BaseTabBarViewController.m; path = MeiLing/Main/BaseTabBarViewController.m; sourceTree = SOURCE_ROOT; };
		BB719DBE1D7E476D00AB772E /* WalletViewController.h */ = {isa = PBXFileReference; fileEncoding = 4; lastKnownFileType = sourcecode.c.h; name = WalletViewController.h; path = ../WalletViewController.h; sourceTree = "<group>"; };
		BB719DBF1D7E476D00AB772E /* WalletViewController.m */ = {isa = PBXFileReference; fileEncoding = 4; lastKnownFileType = sourcecode.c.objc; name = WalletViewController.m; path = ../WalletViewController.m; sourceTree = "<group>"; };
		BB719DC11D7E4D1F00AB772E /* RankingListViewController.h */ = {isa = PBXFileReference; fileEncoding = 4; lastKnownFileType = sourcecode.c.h; path = RankingListViewController.h; sourceTree = "<group>"; };
		BB719DC21D7E4D1F00AB772E /* RankingListViewController.m */ = {isa = PBXFileReference; fileEncoding = 4; lastKnownFileType = sourcecode.c.objc; path = RankingListViewController.m; sourceTree = "<group>"; };
		BB719DC41D7E72BE00AB772E /* DataAnalysisViewController.h */ = {isa = PBXFileReference; fileEncoding = 4; lastKnownFileType = sourcecode.c.h; name = DataAnalysisViewController.h; path = ../DataAnalysisViewController.h; sourceTree = "<group>"; };
		BB719DC51D7E72BE00AB772E /* DataAnalysisViewController.m */ = {isa = PBXFileReference; fileEncoding = 4; lastKnownFileType = sourcecode.c.objc; name = DataAnalysisViewController.m; path = ../DataAnalysisViewController.m; sourceTree = "<group>"; };
		BB719DC71D7E99CD00AB772E /* MessageModelViewController.h */ = {isa = PBXFileReference; fileEncoding = 4; lastKnownFileType = sourcecode.c.h; path = MessageModelViewController.h; sourceTree = "<group>"; };
		BB719DC81D7E99CD00AB772E /* MessageModelViewController.m */ = {isa = PBXFileReference; fileEncoding = 4; lastKnownFileType = sourcecode.c.objc; path = MessageModelViewController.m; sourceTree = "<group>"; };
/* End PBXFileReference section */

/* Begin PBXFrameworksBuildPhase section */
		7165B74A1D75D59A00012FA2 /* Frameworks */ = {
			isa = PBXFrameworksBuildPhase;
			buildActionMask = 2147483647;
			files = (
			);
			runOnlyForDeploymentPostprocessing = 0;
		};
		7165B7631D75D59B00012FA2 /* Frameworks */ = {
			isa = PBXFrameworksBuildPhase;
			buildActionMask = 2147483647;
			files = (
			);
			runOnlyForDeploymentPostprocessing = 0;
		};
		7165B76E1D75D59B00012FA2 /* Frameworks */ = {
			isa = PBXFrameworksBuildPhase;
			buildActionMask = 2147483647;
			files = (
			);
			runOnlyForDeploymentPostprocessing = 0;
		};
/* End PBXFrameworksBuildPhase section */

/* Begin PBXGroup section */
		7165B7441D75D59A00012FA2 = {
			isa = PBXGroup;
			children = (
				7165B7831D75D66000012FA2 /* readme */,
				7165B7851D75D68400012FA2 /* Define.h */,
				7165B74F1D75D59B00012FA2 /* MeiLing */,
				7165B7691D75D59B00012FA2 /* MeiLingTests */,
				7165B7741D75D59B00012FA2 /* MeiLingUITests */,
				7165B74E1D75D59B00012FA2 /* Products */,
			);
			sourceTree = "<group>";
		};
		7165B74E1D75D59B00012FA2 /* Products */ = {
			isa = PBXGroup;
			children = (
				7165B74D1D75D59B00012FA2 /* MeiLing.app */,
				7165B7661D75D59B00012FA2 /* MeiLingTests.xctest */,
				7165B7711D75D59B00012FA2 /* MeiLingUITests.xctest */,
			);
			name = Products;
			sourceTree = "<group>";
		};
		7165B74F1D75D59B00012FA2 /* MeiLing */ = {
			isa = PBXGroup;
			children = (
				716AB4CA1D7DC62200BCA6F0 /* Me */,
				716AB4C31D7D94EC00BCA6F0 /* Appoint */,
				BB2DBBE71D7D489600370D14 /* Customer */,
				BB2DBBC41D7D10D300370D14 /* Main */,
				716AB4BD1D7C8FD600BCA6F0 /* ActivityDayLogViewController.h */,
				716AB4BE1D7C8FD600BCA6F0 /* ActivityDayLogViewController.m */,
				BB2DBBBE1D7D094100370D14 /* DistributionCustomerViewController.h */,
				BB2DBBBF1D7D094100370D14 /* DistributionCustomerViewController.m */,
				BB2DBBDE1D7D1B7000370D14 /* RechargeableCardViewController.h */,
				BB2DBBDF1D7D1B7000370D14 /* RechargeableCardViewController.m */,
				BB2DBBE11D7D1D8300370D14 /* YearCardViewController.h */,
				BB2DBBE21D7D1D8300370D14 /* YearCardViewController.m */,
				BB2DBBE41D7D1E0D00370D14 /* CashViewController.h */,
				BB2DBBE51D7D1E0D00370D14 /* CashViewController.m */,
				BB2DBBD81D7D173600370D14 /* GoalSettingViewController.h */,
				BB2DBBD91D7D173600370D14 /* GoalSettingViewController.m */,
				BB719DC11D7E4D1F00AB772E /* RankingListViewController.h */,
				BB719DC21D7E4D1F00AB772E /* RankingListViewController.m */,
				BB719DC71D7E99CD00AB772E /* MessageModelViewController.h */,
				BB719DC81D7E99CD00AB772E /* MessageModelViewController.m */,
				7165B7861D75D70A00012FA2 /* Base */,
				7165B7871D75D70A00012FA2 /* Extension */,
				7165B78A1D75D70A00012FA2 /* Tools */,
				7165B7881D75D70A00012FA2 /* Librarys */,
				7165B7891D75D70A00012FA2 /* Resources */,
				7165B7531D75D59B00012FA2 /* AppDelegate.h */,
				7165B7541D75D59B00012FA2 /* AppDelegate.m */,
				7165B7591D75D59B00012FA2 /* Main.storyboard */,
				7165B75C1D75D59B00012FA2 /* Assets.xcassets */,
				7165B75E1D75D59B00012FA2 /* LaunchScreen.storyboard */,
				7165B7611D75D59B00012FA2 /* Info.plist */,
				7165B7501D75D59B00012FA2 /* Supporting Files */,
			);
			path = MeiLing;
			sourceTree = "<group>";
		};
		7165B7501D75D59B00012FA2 /* Supporting Files */ = {
			isa = PBXGroup;
			children = (
				7165B7511D75D59B00012FA2 /* main.m */,
			);
			name = "Supporting Files";
			sourceTree = "<group>";
		};
		7165B7691D75D59B00012FA2 /* MeiLingTests */ = {
			isa = PBXGroup;
			children = (
				7165B76A1D75D59B00012FA2 /* MeiLingTests.m */,
				7165B76C1D75D59B00012FA2 /* Info.plist */,
			);
			path = MeiLingTests;
			sourceTree = "<group>";
		};
		7165B7741D75D59B00012FA2 /* MeiLingUITests */ = {
			isa = PBXGroup;
			children = (
				7165B7751D75D59B00012FA2 /* MeiLingUITests.m */,
				7165B7771D75D59B00012FA2 /* Info.plist */,
			);
			path = MeiLingUITests;
			sourceTree = "<group>";
		};
		7165B7861D75D70A00012FA2 /* Base */ = {
			isa = PBXGroup;
			children = (
				BB2DBBFA1D7D5B2E00370D14 /* BaseTabBarViewController.h */,
				BB2DBBFB1D7D5B2E00370D14 /* BaseTabBarViewController.m */,
			);
			path = Base;
			sourceTree = "<group>";
		};
		7165B7871D75D70A00012FA2 /* Extension */ = {
			isa = PBXGroup;
			children = (
				716AB4B71D7C85A700BCA6F0 /* UIResponder+StoryBoard.h */,
				716AB4B81D7C85A700BCA6F0 /* UIResponder+StoryBoard.m */,
			);
			path = Extension;
			sourceTree = "<group>";
		};
		7165B7881D75D70A00012FA2 /* Librarys */ = {
			isa = PBXGroup;
			children = (
			);
			path = Librarys;
			sourceTree = "<group>";
		};
		7165B7891D75D70A00012FA2 /* Resources */ = {
			isa = PBXGroup;
			children = (
			);
			path = Resources;
			sourceTree = "<group>";
		};
		7165B78A1D75D70A00012FA2 /* Tools */ = {
			isa = PBXGroup;
			children = (
				716AB4B41D7C6CD800BCA6F0 /* Tool.h */,
				716AB4B51D7C6CD800BCA6F0 /* Tool.m */,
			);
			path = Tools;
			sourceTree = "<group>";
		};
		716AB4C31D7D94EC00BCA6F0 /* Appoint */ = {
			isa = PBXGroup;
			children = (
				716AB4C41D7D957000BCA6F0 /* AppointmentMViewController.h */,
				716AB4C51D7D957000BCA6F0 /* AppointmentMViewController.m */,
				716AB4C61D7D957000BCA6F0 /* MakeAppointViewController.h */,
				716AB4C71D7D957000BCA6F0 /* MakeAppointViewController.m */,
			);
			path = Appoint;
			sourceTree = "<group>";
		};
		716AB4CA1D7DC62200BCA6F0 /* Me */ = {
			isa = PBXGroup;
			children = (
				716AB4CB1D7DC63600BCA6F0 /* MeViewController.h */,
				716AB4CC1D7DC63600BCA6F0 /* MeViewController.m */,
				BB719DBE1D7E476D00AB772E /* WalletViewController.h */,
				BB719DBF1D7E476D00AB772E /* WalletViewController.m */,
			);
			path = Me;
			sourceTree = "<group>";
		};
		BB2DBBC41D7D10D300370D14 /* Main */ = {
			isa = PBXGroup;
			children = (
				716AB4B11D7C682500BCA6F0 /* MainViewController.h */,
				716AB4B21D7C682600BCA6F0 /* MainViewController.m */,
				716AB4A81D7B1AB900BCA6F0 /* WorkViewController.h */,
				716AB4A91D7B1AB900BCA6F0 /* WorkViewController.m */,
				716AB4AB1D7B1AD600BCA6F0 /* OrderMViewController.h */,
				716AB4AC1D7B1AD600BCA6F0 /* OrderMViewController.m */,
				716AB4AE1D7C5ED500BCA6F0 /* MemberMViewController.h */,
				716AB4AF1D7C5ED500BCA6F0 /* MemberMViewController.m */,
				BB2DBBF71D7D501B00370D14 /* ServiceProjectViewController.h */,
				BB2DBBF81D7D501B00370D14 /* ServiceProjectViewController.m */,
				BB719DC41D7E72BE00AB772E /* DataAnalysisViewController.h */,
				BB719DC51D7E72BE00AB772E /* DataAnalysisViewController.m */,
			);
			path = Main;
			sourceTree = "<group>";
		};
		BB2DBBE71D7D489600370D14 /* Customer */ = {
			isa = PBXGroup;
			children = (
				BB2DBBC11D7D0D8E00370D14 /* CustomInfoViewController.h */,
				BB2DBBC21D7D0D8E00370D14 /* CustomInfoViewController.m */,
				716AB4BA1D7C8FC000BCA6F0 /* CareDayLogViewController.h */,
				716AB4BB1D7C8FC000BCA6F0 /* CareDayLogViewController.m */,
				BB2DBBC61D7D114200370D14 /* PrivateTopicViewController.h */,
				BB2DBBC71D7D114200370D14 /* PrivateTopicViewController.m */,
				BB2DBBC91D7D120A00370D14 /* PrivateLifeViewController.h */,
				BB2DBBCA1D7D120A00370D14 /* PrivateLifeViewController.m */,
				BB2DBBCC1D7D139300370D14 /* SpecialDateViewController.h */,
				BB2DBBCD1D7D139300370D14 /* SpecialDateViewController.m */,
				BB2DBBDB1D7D197000370D14 /* SalesLogViewController.h */,
				BB2DBBDC1D7D197000370D14 /* SalesLogViewController.m */,
				BB2DBBE81D7D497600370D14 /* AccountInfoViewController.h */,
				BB2DBBE91D7D497600370D14 /* AccountInfoViewController.m */,
			);
			path = Customer;
			sourceTree = "<group>";
		};
/* End PBXGroup section */

/* Begin PBXNativeTarget section */
		7165B74C1D75D59A00012FA2 /* MeiLing */ = {
			isa = PBXNativeTarget;
			buildConfigurationList = 7165B77A1D75D59B00012FA2 /* Build configuration list for PBXNativeTarget "MeiLing" */;
			buildPhases = (
				7165B7491D75D59A00012FA2 /* Sources */,
				7165B74A1D75D59A00012FA2 /* Frameworks */,
				7165B74B1D75D59A00012FA2 /* Resources */,
			);
			buildRules = (
			);
			dependencies = (
			);
			name = MeiLing;
			productName = MeiLing;
			productReference = 7165B74D1D75D59B00012FA2 /* MeiLing.app */;
			productType = "com.apple.product-type.application";
		};
		7165B7651D75D59B00012FA2 /* MeiLingTests */ = {
			isa = PBXNativeTarget;
			buildConfigurationList = 7165B77D1D75D59B00012FA2 /* Build configuration list for PBXNativeTarget "MeiLingTests" */;
			buildPhases = (
				7165B7621D75D59B00012FA2 /* Sources */,
				7165B7631D75D59B00012FA2 /* Frameworks */,
				7165B7641D75D59B00012FA2 /* Resources */,
			);
			buildRules = (
			);
			dependencies = (
				7165B7681D75D59B00012FA2 /* PBXTargetDependency */,
			);
			name = MeiLingTests;
			productName = MeiLingTests;
			productReference = 7165B7661D75D59B00012FA2 /* MeiLingTests.xctest */;
			productType = "com.apple.product-type.bundle.unit-test";
		};
		7165B7701D75D59B00012FA2 /* MeiLingUITests */ = {
			isa = PBXNativeTarget;
			buildConfigurationList = 7165B7801D75D59B00012FA2 /* Build configuration list for PBXNativeTarget "MeiLingUITests" */;
			buildPhases = (
				7165B76D1D75D59B00012FA2 /* Sources */,
				7165B76E1D75D59B00012FA2 /* Frameworks */,
				7165B76F1D75D59B00012FA2 /* Resources */,
			);
			buildRules = (
			);
			dependencies = (
				7165B7731D75D59B00012FA2 /* PBXTargetDependency */,
			);
			name = MeiLingUITests;
			productName = MeiLingUITests;
			productReference = 7165B7711D75D59B00012FA2 /* MeiLingUITests.xctest */;
			productType = "com.apple.product-type.bundle.ui-testing";
		};
/* End PBXNativeTarget section */

/* Begin PBXProject section */
		7165B7451D75D59A00012FA2 /* Project object */ = {
			isa = PBXProject;
			attributes = {
				LastUpgradeCheck = 0730;
				ORGANIZATIONNAME = karashock;
				TargetAttributes = {
					7165B74C1D75D59A00012FA2 = {
						CreatedOnToolsVersion = 7.3;
					};
					7165B7651D75D59B00012FA2 = {
						CreatedOnToolsVersion = 7.3;
						TestTargetID = 7165B74C1D75D59A00012FA2;
					};
					7165B7701D75D59B00012FA2 = {
						CreatedOnToolsVersion = 7.3;
						TestTargetID = 7165B74C1D75D59A00012FA2;
					};
				};
			};
			buildConfigurationList = 7165B7481D75D59A00012FA2 /* Build configuration list for PBXProject "MeiLing" */;
			compatibilityVersion = "Xcode 3.2";
			developmentRegion = English;
			hasScannedForEncodings = 0;
			knownRegions = (
				en,
				Base,
			);
			mainGroup = 7165B7441D75D59A00012FA2;
			productRefGroup = 7165B74E1D75D59B00012FA2 /* Products */;
			projectDirPath = "";
			projectRoot = "";
			targets = (
				7165B74C1D75D59A00012FA2 /* MeiLing */,
				7165B7651D75D59B00012FA2 /* MeiLingTests */,
				7165B7701D75D59B00012FA2 /* MeiLingUITests */,
			);
		};
/* End PBXProject section */

/* Begin PBXResourcesBuildPhase section */
		7165B74B1D75D59A00012FA2 /* Resources */ = {
			isa = PBXResourcesBuildPhase;
			buildActionMask = 2147483647;
			files = (
				7165B7841D75D66000012FA2 /* readme in Resources */,
				7165B7601D75D59B00012FA2 /* LaunchScreen.storyboard in Resources */,
				7165B75D1D75D59B00012FA2 /* Assets.xcassets in Resources */,
				7165B75B1D75D59B00012FA2 /* Main.storyboard in Resources */,
			);
			runOnlyForDeploymentPostprocessing = 0;
		};
		7165B7641D75D59B00012FA2 /* Resources */ = {
			isa = PBXResourcesBuildPhase;
			buildActionMask = 2147483647;
			files = (
			);
			runOnlyForDeploymentPostprocessing = 0;
		};
		7165B76F1D75D59B00012FA2 /* Resources */ = {
			isa = PBXResourcesBuildPhase;
			buildActionMask = 2147483647;
			files = (
			);
			runOnlyForDeploymentPostprocessing = 0;
		};
/* End PBXResourcesBuildPhase section */

/* Begin PBXSourcesBuildPhase section */
		7165B7491D75D59A00012FA2 /* Sources */ = {
			isa = PBXSourcesBuildPhase;
			buildActionMask = 2147483647;
			files = (
				BB2DBBCB1D7D120A00370D14 /* PrivateLifeViewController.m in Sources */,
				7165B7551D75D59B00012FA2 /* AppDelegate.m in Sources */,
				BB2DBBFC1D7D5B2E00370D14 /* BaseTabBarViewController.m in Sources */,
				BB719DC31D7E4D1F00AB772E /* RankingListViewController.m in Sources */,
				BB719DC01D7E476D00AB772E /* WalletViewController.m in Sources */,
				BB2DBBDD1D7D197000370D14 /* SalesLogViewController.m in Sources */,
				BB2DBBCE1D7D139300370D14 /* SpecialDateViewController.m in Sources */,
				716AB4BC1D7C8FC000BCA6F0 /* CareDayLogViewController.m in Sources */,
				716AB4C91D7D957000BCA6F0 /* MakeAppointViewController.m in Sources */,
				716AB4B31D7C682600BCA6F0 /* MainViewController.m in Sources */,
				BB2DBBC31D7D0D8E00370D14 /* CustomInfoViewController.m in Sources */,
				716AB4B61D7C6CD800BCA6F0 /* Tool.m in Sources */,
				BB2DBBF91D7D501B00370D14 /* ServiceProjectViewController.m in Sources */,
				BB2DBBC81D7D114200370D14 /* PrivateTopicViewController.m in Sources */,
				BB719DC61D7E72BE00AB772E /* DataAnalysisViewController.m in Sources */,
				716AB4AD1D7B1AD600BCA6F0 /* OrderMViewController.m in Sources */,
				BB719DC91D7E99CD00AB772E /* MessageModelViewController.m in Sources */,
				BB2DBBE61D7D1E0D00370D14 /* CashViewController.m in Sources */,
				716AB4BF1D7C8FD600BCA6F0 /* ActivityDayLogViewController.m in Sources */,
				BB2DBBE31D7D1D8300370D14 /* YearCardViewController.m in Sources */,
				7165B7521D75D59B00012FA2 /* main.m in Sources */,
				BB2DBBE01D7D1B7000370D14 /* RechargeableCardViewController.m in Sources */,
				BB2DBBDA1D7D173600370D14 /* GoalSettingViewController.m in Sources */,
				BB2DBBEA1D7D497600370D14 /* AccountInfoViewController.m in Sources */,
				716AB4C81D7D957000BCA6F0 /* AppointmentMViewController.m in Sources */,
				716AB4AA1D7B1AB900BCA6F0 /* WorkViewController.m in Sources */,
				716AB4CD1D7DC63600BCA6F0 /* MeViewController.m in Sources */,
				716AB4B01D7C5ED500BCA6F0 /* MemberMViewController.m in Sources */,
				BB2DBBC01D7D094100370D14 /* DistributionCustomerViewController.m in Sources */,
				716AB4B91D7C85A700BCA6F0 /* UIResponder+StoryBoard.m in Sources */,
			);
			runOnlyForDeploymentPostprocessing = 0;
		};
		7165B7621D75D59B00012FA2 /* Sources */ = {
			isa = PBXSourcesBuildPhase;
			buildActionMask = 2147483647;
			files = (
				7165B76B1D75D59B00012FA2 /* MeiLingTests.m in Sources */,
			);
			runOnlyForDeploymentPostprocessing = 0;
		};
		7165B76D1D75D59B00012FA2 /* Sources */ = {
			isa = PBXSourcesBuildPhase;
			buildActionMask = 2147483647;
			files = (
				7165B7761D75D59B00012FA2 /* MeiLingUITests.m in Sources */,
			);
			runOnlyForDeploymentPostprocessing = 0;
		};
/* End PBXSourcesBuildPhase section */

/* Begin PBXTargetDependency section */
		7165B7681D75D59B00012FA2 /* PBXTargetDependency */ = {
			isa = PBXTargetDependency;
			target = 7165B74C1D75D59A00012FA2 /* MeiLing */;
			targetProxy = 7165B7671D75D59B00012FA2 /* PBXContainerItemProxy */;
		};
		7165B7731D75D59B00012FA2 /* PBXTargetDependency */ = {
			isa = PBXTargetDependency;
			target = 7165B74C1D75D59A00012FA2 /* MeiLing */;
			targetProxy = 7165B7721D75D59B00012FA2 /* PBXContainerItemProxy */;
		};
/* End PBXTargetDependency section */

/* Begin PBXVariantGroup section */
		7165B7591D75D59B00012FA2 /* Main.storyboard */ = {
			isa = PBXVariantGroup;
			children = (
				7165B75A1D75D59B00012FA2 /* Base */,
			);
			name = Main.storyboard;
			sourceTree = "<group>";
		};
		7165B75E1D75D59B00012FA2 /* LaunchScreen.storyboard */ = {
			isa = PBXVariantGroup;
			children = (
				7165B75F1D75D59B00012FA2 /* Base */,
			);
			name = LaunchScreen.storyboard;
			sourceTree = "<group>";
		};
/* End PBXVariantGroup section */

/* Begin XCBuildConfiguration section */
		7165B7781D75D59B00012FA2 /* Debug */ = {
			isa = XCBuildConfiguration;
			buildSettings = {
				ALWAYS_SEARCH_USER_PATHS = NO;
				CLANG_ANALYZER_NONNULL = YES;
				CLANG_CXX_LANGUAGE_STANDARD = "gnu++0x";
				CLANG_CXX_LIBRARY = "libc++";
				CLANG_ENABLE_MODULES = YES;
				CLANG_ENABLE_OBJC_ARC = YES;
				CLANG_WARN_BOOL_CONVERSION = YES;
				CLANG_WARN_CONSTANT_CONVERSION = YES;
				CLANG_WARN_DIRECT_OBJC_ISA_USAGE = YES_ERROR;
				CLANG_WARN_EMPTY_BODY = YES;
				CLANG_WARN_ENUM_CONVERSION = YES;
				CLANG_WARN_INT_CONVERSION = YES;
				CLANG_WARN_OBJC_ROOT_CLASS = YES_ERROR;
				CLANG_WARN_UNREACHABLE_CODE = YES;
				CLANG_WARN__DUPLICATE_METHOD_MATCH = YES;
				"CODE_SIGN_IDENTITY[sdk=iphoneos*]" = "iPhone Developer";
				COPY_PHASE_STRIP = NO;
				DEBUG_INFORMATION_FORMAT = dwarf;
				ENABLE_STRICT_OBJC_MSGSEND = YES;
				ENABLE_TESTABILITY = YES;
				GCC_C_LANGUAGE_STANDARD = gnu99;
				GCC_DYNAMIC_NO_PIC = NO;
				GCC_NO_COMMON_BLOCKS = YES;
				GCC_OPTIMIZATION_LEVEL = 0;
				GCC_PREPROCESSOR_DEFINITIONS = (
					"DEBUG=1",
					"$(inherited)",
				);
				GCC_WARN_64_TO_32_BIT_CONVERSION = YES;
				GCC_WARN_ABOUT_RETURN_TYPE = YES_ERROR;
				GCC_WARN_UNDECLARED_SELECTOR = YES;
				GCC_WARN_UNINITIALIZED_AUTOS = YES_AGGRESSIVE;
				GCC_WARN_UNUSED_FUNCTION = YES;
				GCC_WARN_UNUSED_VARIABLE = YES;
				IPHONEOS_DEPLOYMENT_TARGET = 9.3;
				MTL_ENABLE_DEBUG_INFO = YES;
				ONLY_ACTIVE_ARCH = YES;
				SDKROOT = iphoneos;
				TARGETED_DEVICE_FAMILY = "1,2";
			};
			name = Debug;
		};
		7165B7791D75D59B00012FA2 /* Release */ = {
			isa = XCBuildConfiguration;
			buildSettings = {
				ALWAYS_SEARCH_USER_PATHS = NO;
				CLANG_ANALYZER_NONNULL = YES;
				CLANG_CXX_LANGUAGE_STANDARD = "gnu++0x";
				CLANG_CXX_LIBRARY = "libc++";
				CLANG_ENABLE_MODULES = YES;
				CLANG_ENABLE_OBJC_ARC = YES;
				CLANG_WARN_BOOL_CONVERSION = YES;
				CLANG_WARN_CONSTANT_CONVERSION = YES;
				CLANG_WARN_DIRECT_OBJC_ISA_USAGE = YES_ERROR;
				CLANG_WARN_EMPTY_BODY = YES;
				CLANG_WARN_ENUM_CONVERSION = YES;
				CLANG_WARN_INT_CONVERSION = YES;
				CLANG_WARN_OBJC_ROOT_CLASS = YES_ERROR;
				CLANG_WARN_UNREACHABLE_CODE = YES;
				CLANG_WARN__DUPLICATE_METHOD_MATCH = YES;
				"CODE_SIGN_IDENTITY[sdk=iphoneos*]" = "iPhone Developer";
				COPY_PHASE_STRIP = NO;
				DEBUG_INFORMATION_FORMAT = "dwarf-with-dsym";
				ENABLE_NS_ASSERTIONS = NO;
				ENABLE_STRICT_OBJC_MSGSEND = YES;
				GCC_C_LANGUAGE_STANDARD = gnu99;
				GCC_NO_COMMON_BLOCKS = YES;
				GCC_WARN_64_TO_32_BIT_CONVERSION = YES;
				GCC_WARN_ABOUT_RETURN_TYPE = YES_ERROR;
				GCC_WARN_UNDECLARED_SELECTOR = YES;
				GCC_WARN_UNINITIALIZED_AUTOS = YES_AGGRESSIVE;
				GCC_WARN_UNUSED_FUNCTION = YES;
				GCC_WARN_UNUSED_VARIABLE = YES;
				IPHONEOS_DEPLOYMENT_TARGET = 9.3;
				MTL_ENABLE_DEBUG_INFO = NO;
				SDKROOT = iphoneos;
				TARGETED_DEVICE_FAMILY = "1,2";
				VALIDATE_PRODUCT = YES;
			};
			name = Release;
		};
		7165B77B1D75D59B00012FA2 /* Debug */ = {
			isa = XCBuildConfiguration;
			buildSettings = {
				ASSETCATALOG_COMPILER_APPICON_NAME = AppIcon;
				INFOPLIST_FILE = MeiLing/Info.plist;
				IPHONEOS_DEPLOYMENT_TARGET = 8.0;
				LD_RUNPATH_SEARCH_PATHS = "$(inherited) @executable_path/Frameworks";
				PRODUCT_BUNDLE_IDENTIFIER = leiganzheng.MeiLing;
				PRODUCT_NAME = "$(TARGET_NAME)";
				TARGETED_DEVICE_FAMILY = "1,2";
			};
			name = Debug;
		};
		7165B77C1D75D59B00012FA2 /* Release */ = {
			isa = XCBuildConfiguration;
			buildSettings = {
				ASSETCATALOG_COMPILER_APPICON_NAME = AppIcon;
				INFOPLIST_FILE = MeiLing/Info.plist;
				IPHONEOS_DEPLOYMENT_TARGET = 8.0;
				LD_RUNPATH_SEARCH_PATHS = "$(inherited) @executable_path/Frameworks";
				PRODUCT_BUNDLE_IDENTIFIER = leiganzheng.MeiLing;
				PRODUCT_NAME = "$(TARGET_NAME)";
				TARGETED_DEVICE_FAMILY = "1,2";
			};
			name = Release;
		};
		7165B77E1D75D59B00012FA2 /* Debug */ = {
			isa = XCBuildConfiguration;
			buildSettings = {
				BUNDLE_LOADER = "$(TEST_HOST)";
				INFOPLIST_FILE = MeiLingTests/Info.plist;
				LD_RUNPATH_SEARCH_PATHS = "$(inherited) @executable_path/Frameworks @loader_path/Frameworks";
				PRODUCT_BUNDLE_IDENTIFIER = leiganzheng.MeiLingTests;
				PRODUCT_NAME = "$(TARGET_NAME)";
				TEST_HOST = "$(BUILT_PRODUCTS_DIR)/MeiLing.app/MeiLing";
			};
			name = Debug;
		};
		7165B77F1D75D59B00012FA2 /* Release */ = {
			isa = XCBuildConfiguration;
			buildSettings = {
				BUNDLE_LOADER = "$(TEST_HOST)";
				INFOPLIST_FILE = MeiLingTests/Info.plist;
				LD_RUNPATH_SEARCH_PATHS = "$(inherited) @executable_path/Frameworks @loader_path/Frameworks";
				PRODUCT_BUNDLE_IDENTIFIER = leiganzheng.MeiLingTests;
				PRODUCT_NAME = "$(TARGET_NAME)";
				TEST_HOST = "$(BUILT_PRODUCTS_DIR)/MeiLing.app/MeiLing";
			};
			name = Release;
		};
		7165B7811D75D59B00012FA2 /* Debug */ = {
			isa = XCBuildConfiguration;
			buildSettings = {
				INFOPLIST_FILE = MeiLingUITests/Info.plist;
				LD_RUNPATH_SEARCH_PATHS = "$(inherited) @executable_path/Frameworks @loader_path/Frameworks";
				PRODUCT_BUNDLE_IDENTIFIER = leiganzheng.MeiLingUITests;
				PRODUCT_NAME = "$(TARGET_NAME)";
				TEST_TARGET_NAME = MeiLing;
			};
			name = Debug;
		};
		7165B7821D75D59B00012FA2 /* Release */ = {
			isa = XCBuildConfiguration;
			buildSettings = {
				INFOPLIST_FILE = MeiLingUITests/Info.plist;
				LD_RUNPATH_SEARCH_PATHS = "$(inherited) @executable_path/Frameworks @loader_path/Frameworks";
				PRODUCT_BUNDLE_IDENTIFIER = leiganzheng.MeiLingUITests;
				PRODUCT_NAME = "$(TARGET_NAME)";
				TEST_TARGET_NAME = MeiLing;
			};
			name = Release;
		};
/* End XCBuildConfiguration section */

/* Begin XCConfigurationList section */
		7165B7481D75D59A00012FA2 /* Build configuration list for PBXProject "MeiLing" */ = {
			isa = XCConfigurationList;
			buildConfigurations = (
				7165B7781D75D59B00012FA2 /* Debug */,
				7165B7791D75D59B00012FA2 /* Release */,
			);
			defaultConfigurationIsVisible = 0;
			defaultConfigurationName = Release;
		};
		7165B77A1D75D59B00012FA2 /* Build configuration list for PBXNativeTarget "MeiLing" */ = {
			isa = XCConfigurationList;
			buildConfigurations = (
				7165B77B1D75D59B00012FA2 /* Debug */,
				7165B77C1D75D59B00012FA2 /* Release */,
			);
			defaultConfigurationIsVisible = 0;
			defaultConfigurationName = Release;
		};
		7165B77D1D75D59B00012FA2 /* Build configuration list for PBXNativeTarget "MeiLingTests" */ = {
			isa = XCConfigurationList;
			buildConfigurations = (
				7165B77E1D75D59B00012FA2 /* Debug */,
				7165B77F1D75D59B00012FA2 /* Release */,
			);
			defaultConfigurationIsVisible = 0;
			defaultConfigurationName = Release;
		};
		7165B7801D75D59B00012FA2 /* Build configuration list for PBXNativeTarget "MeiLingUITests" */ = {
			isa = XCConfigurationList;
			buildConfigurations = (
				7165B7811D75D59B00012FA2 /* Debug */,
				7165B7821D75D59B00012FA2 /* Release */,
			);
			defaultConfigurationIsVisible = 0;
			defaultConfigurationName = Release;
		};
/* End XCConfigurationList section */
	};
	rootObject = 7165B7451D75D59A00012FA2 /* Project object */;
}
